PODS:
  - FlutterMacOS (1.0.0)
  - lcpp (0.0.1):
    - FlutterMacOS

DEPENDENCIES:
  - FlutterMacOS (from `Flutter/ephemeral`)
  - lcpp (from `Flutter/ephemeral/.symlinks/plugins/lcpp/macos`)

EXTERNAL SOURCES:
  FlutterMacOS:
    :path: Flutter/ephemeral
  lcpp:
    :path: Flutter/ephemeral/.symlinks/plugins/lcpp/macos

SPEC CHECKSUMS:
  FlutterMacOS: 8f6f14fa908a6fb3fba0cd85dbd81ec4b251fb24
  lcpp: 242b55e03956abec28f92eb728d47fb686a9c939

PODFILE CHECKSUM: 236401fc2c932af29a9fcf0e97baeeb2d750d367

COCOAPODS: 1.15.2
